// !$*UTF8*$!
{
	archiveVersion = 1;
	classes = {
	};
	objectVersion = 50;
	objects = {

/* Begin PBXBuildFile section */
		5F727D5A22A0344E00871E94 /* Cartfile in Resources */ = {isa = PBXBuildFile; fileRef = 5F727D5922A0344E00871E94 /* Cartfile */; };
		5F727D5D22A035CC00871E94 /* SwiftyGif.framework.dSYM in Resources */ = {isa = PBXBuildFile; fileRef = 5F727D5B22A035CC00871E94 /* SwiftyGif.framework.dSYM */; };
		5F727D5E22A035CC00871E94 /* SwiftyGif.framework in Frameworks */ = {isa = PBXBuildFile; fileRef = 5F727D5C22A035CC00871E94 /* SwiftyGif.framework */; };
		5F727D6022A035D900871E94 /* SwiftyGif.framework in Embed Frameworks */ = {isa = PBXBuildFile; fileRef = 5F727D5C22A035CC00871E94 /* SwiftyGif.framework */; settings = {ATTRIBUTES = (CodeSignOnCopy, RemoveHeadersOnCopy, ); }; };
		5FB71130229D349B00E060AD /* AppDelegate.swift in Sources */ = {isa = PBXBuildFile; fileRef = 5FB7112F229D349B00E060AD /* AppDelegate.swift */; };
		5FB71132229D349B00E060AD /* ViewController.swift in Sources */ = {isa = PBXBuildFile; fileRef = 5FB71131229D349B00E060AD /* ViewController.swift */; };
		5FB71135229D349B00E060AD /* Main.storyboard in Resources */ = {isa = PBXBuildFile; fileRef = 5FB71133229D349B00E060AD /* Main.storyboard */; };
		5FB71137229D349D00E060AD /* Assets.xcassets in Resources */ = {isa = PBXBuildFile; fileRef = 5FB71136229D349D00E060AD /* Assets.xcassets */; };
		5FB7113A229D349D00E060AD /* LaunchScreen.storyboard in Resources */ = {isa = PBXBuildFile; fileRef = 5FB71138229D349D00E060AD /* LaunchScreen.storyboard */; };
		5FB71145229D349D00E060AD /* MyAppTests.swift in Sources */ = {isa = PBXBuildFile; fileRef = 5FB71144229D349D00E060AD /* MyAppTests.swift */; };
		5FB71150229D349D00E060AD /* MyAppUITests.swift in Sources */ = {isa = PBXBuildFile; fileRef = 5FB7114F229D349D00E060AD /* MyAppUITests.swift */; };
		5FB7115E229D356200E060AD /* MyLib.framework in Frameworks */ = {isa = PBXBuildFile; fileRef = 5FB7115D229D356200E060AD /* MyLib.framework */; };
		5FB7115F229D356200E060AD /* MyLib.framework in Embed Frameworks */ = {isa = PBXBuildFile; fileRef = 5FB7115D229D356200E060AD /* MyLib.framework */; settings = {ATTRIBUTES = (CodeSignOnCopy, RemoveHeadersOnCopy, ); }; };
/* End PBXBuildFile section */

/* Begin PBXContainerItemProxy section */
		5FB71141229D349D00E060AD /* PBXContainerItemProxy */ = {
			isa = PBXContainerItemProxy;
			containerPortal = 5FB71124229D349B00E060AD /* Project object */;
			proxyType = 1;
			remoteGlobalIDString = 5FB7112B229D349B00E060AD;
			remoteInfo = MyApp;
		};
		5FB7114C229D349D00E060AD /* PBXContainerItemProxy */ = {
			isa = PBXContainerItemProxy;
			containerPortal = 5FB71124229D349B00E060AD /* Project object */;
			proxyType = 1;
			remoteGlobalIDString = 5FB7112B229D349B00E060AD;
			remoteInfo = MyApp;
		};
/* End PBXContainerItemProxy section */

/* Begin PBXCopyFilesBuildPhase section */
		5FB71160229D356200E060AD /* Embed Frameworks */ = {
			isa = PBXCopyFilesBuildPhase;
			buildActionMask = 2147483647;
			dstPath = "";
			dstSubfolderSpec = 10;
			files = (
				5FB7115F229D356200E060AD /* MyLib.framework in Embed Frameworks */,
				5F727D6022A035D900871E94 /* SwiftyGif.framework in Embed Frameworks */,
			);
			name = "Embed Frameworks";
			runOnlyForDeploymentPostprocessing = 0;
		};
/* End PBXCopyFilesBuildPhase section */

/* Begin PBXFileReference section */
		5F727D5922A0344E00871E94 /* Cartfile */ = {isa = PBXFileReference; fileEncoding = 4; lastKnownFileType = text; path = Cartfile; sourceTree = "<group>"; };
		5F727D5B22A035CC00871E94 /* SwiftyGif.framework.dSYM */ = {isa = PBXFileReference; lastKnownFileType = wrapper.dsym; name = SwiftyGif.framework.dSYM; path = Carthage/Build/iOS/SwiftyGif.framework.dSYM; sourceTree = "<group>"; };
		5F727D5C22A035CC00871E94 /* SwiftyGif.framework */ = {isa = PBXFileReference; lastKnownFileType = wrapper.framework; name = SwiftyGif.framework; path = Carthage/Build/iOS/SwiftyGif.framework; sourceTree = "<group>"; };
		5FB7112C229D349B00E060AD /* MyApp.app */ = {isa = PBXFileReference; explicitFileType = wrapper.application; includeInIndex = 0; path = MyApp.app; sourceTree = BUILT_PRODUCTS_DIR; };
		5FB7112F229D349B00E060AD /* AppDelegate.swift */ = {isa = PBXFileReference; lastKnownFileType = sourcecode.swift; path = AppDelegate.swift; sourceTree = "<group>"; };
		5FB71131229D349B00E060AD /* ViewController.swift */ = {isa = PBXFileReference; lastKnownFileType = sourcecode.swift; path = ViewController.swift; sourceTree = "<group>"; };
		5FB71134229D349B00E060AD /* Base */ = {isa = PBXFileReference; lastKnownFileType = file.storyboard; name = Base; path = Base.lproj/Main.storyboard; sourceTree = "<group>"; };
		5FB71136229D349D00E060AD /* Assets.xcassets */ = {isa = PBXFileReference; lastKnownFileType = folder.assetcatalog; path = Assets.xcassets; sourceTree = "<group>"; };
		5FB71139229D349D00E060AD /* Base */ = {isa = PBXFileReference; lastKnownFileType = file.storyboard; name = Base; path = Base.lproj/LaunchScreen.storyboard; sourceTree = "<group>"; };
		5FB7113B229D349D00E060AD /* Info.plist */ = {isa = PBXFileReference; lastKnownFileType = text.plist.xml; path = Info.plist; sourceTree = "<group>"; };
		5FB71140229D349D00E060AD /* MyAppTests.xctest */ = {isa = PBXFileReference; explicitFileType = wrapper.cfbundle; includeInIndex = 0; path = MyAppTests.xctest; sourceTree = BUILT_PRODUCTS_DIR; };
		5FB71144229D349D00E060AD /* MyAppTests.swift */ = {isa = PBXFileReference; lastKnownFileType = sourcecode.swift; path = MyAppTests.swift; sourceTree = "<group>"; };
		5FB71146229D349D00E060AD /* Info.plist */ = {isa = PBXFileReference; lastKnownFileType = text.plist.xml; path = Info.plist; sourceTree = "<group>"; };
		5FB7114B229D349D00E060AD /* MyAppUITests.xctest */ = {isa = PBXFileReference; explicitFileType = wrapper.cfbundle; includeInIndex = 0; path = MyAppUITests.xctest; sourceTree = BUILT_PRODUCTS_DIR; };
		5FB7114F229D349D00E060AD /* MyAppUITests.swift */ = {isa = PBXFileReference; lastKnownFileType = sourcecode.swift; path = MyAppUITests.swift; sourceTree = "<group>"; };
		5FB71151229D349D00E060AD /* Info.plist */ = {isa = PBXFileReference; lastKnownFileType = text.plist.xml; path = Info.plist; sourceTree = "<group>"; };
		5FB7115D229D356200E060AD /* MyLib.framework */ = {isa = PBXFileReference; explicitFileType = wrapper.framework; path = MyLib.framework; sourceTree = BUILT_PRODUCTS_DIR; };
/* End PBXFileReference section */

/* Begin PBXFrameworksBuildPhase section */
		5FB71129229D349B00E060AD /* Frameworks */ = {
			isa = PBXFrameworksBuildPhase;
			buildActionMask = 2147483647;
			files = (
				5FB7115E229D356200E060AD /* MyLib.framework in Frameworks */,
				5F727D5E22A035CC00871E94 /* SwiftyGif.framework in Frameworks */,
			);
			runOnlyForDeploymentPostprocessing = 0;
		};
		5FB7113D229D349D00E060AD /* Frameworks */ = {
			isa = PBXFrameworksBuildPhase;
			buildActionMask = 2147483647;
			files = (
			);
			runOnlyForDeploymentPostprocessing = 0;
		};
		5FB71148229D349D00E060AD /* Frameworks */ = {
			isa = PBXFrameworksBuildPhase;
			buildActionMask = 2147483647;
			files = (
			);
			runOnlyForDeploymentPostprocessing = 0;
		};
/* End PBXFrameworksBuildPhase section */

/* Begin PBXGroup section */
		5FB71123229D349B00E060AD = {
			isa = PBXGroup;
			children = (
				5F727D5C22A035CC00871E94 /* SwiftyGif.framework */,
				5F727D5B22A035CC00871E94 /* SwiftyGif.framework.dSYM */,
				5F727D5922A0344E00871E94 /* Cartfile */,
				5FB7115D229D356200E060AD /* MyLib.framework */,
				5FB7112E229D349B00E060AD /* MyApp */,
				5FB71143229D349D00E060AD /* MyAppTests */,
				5FB7114E229D349D00E060AD /* MyAppUITests */,
				5FB7112D229D349B00E060AD /* Products */,
			);
			sourceTree = "<group>";
		};
		5FB7112D229D349B00E060AD /* Products */ = {
			isa = PBXGroup;
			children = (
				5FB7112C229D349B00E060AD /* MyApp.app */,
				5FB71140229D349D00E060AD /* MyAppTests.xctest */,
				5FB7114B229D349D00E060AD /* MyAppUITests.xctest */,
			);
			name = Products;
			sourceTree = "<group>";
		};
		5FB7112E229D349B00E060AD /* MyApp */ = {
			isa = PBXGroup;
			children = (
				5FB7112F229D349B00E060AD /* AppDelegate.swift */,
				5FB71131229D349B00E060AD /* ViewController.swift */,
				5FB71133229D349B00E060AD /* Main.storyboard */,
				5FB71136229D349D00E060AD /* Assets.xcassets */,
				5FB71138229D349D00E060AD /* LaunchScreen.storyboard */,
				5FB7113B229D349D00E060AD /* Info.plist */,
			);
			path = MyApp;
			sourceTree = "<group>";
		};
		5FB71143229D349D00E060AD /* MyAppTests */ = {
			isa = PBXGroup;
			children = (
				5FB71144229D349D00E060AD /* MyAppTests.swift */,
				5FB71146229D349D00E060AD /* Info.plist */,
			);
			path = MyAppTests;
			sourceTree = "<group>";
		};
		5FB7114E229D349D00E060AD /* MyAppUITests */ = {
			isa = PBXGroup;
			children = (
				5FB7114F229D349D00E060AD /* MyAppUITests.swift */,
				5FB71151229D349D00E060AD /* Info.plist */,
			);
			path = MyAppUITests;
			sourceTree = "<group>";
		};
/* End PBXGroup section */

/* Begin PBXNativeTarget section */
		5FB7112B229D349B00E060AD /* MyApp */ = {
			isa = PBXNativeTarget;
			buildConfigurationList = 5FB71154229D349D00E060AD /* Build configuration list for PBXNativeTarget "MyApp" */;
			buildPhases = (
				5FB71128229D349B00E060AD /* Sources */,
				5FB71129229D349B00E060AD /* Frameworks */,
				5FB7112A229D349B00E060AD /* Resources */,
				5FB71160229D356200E060AD /* Embed Frameworks */,
			);
			buildRules = (
			);
			dependencies = (
			);
			name = MyApp;
			productName = MyApp;
			productReference = 5FB7112C229D349B00E060AD /* MyApp.app */;
			productType = "com.apple.product-type.application";
		};
		5FB7113F229D349D00E060AD /* MyAppTests */ = {
			isa = PBXNativeTarget;
			buildConfigurationList = 5FB71157229D349D00E060AD /* Build configuration list for PBXNativeTarget "MyAppTests" */;
			buildPhases = (
				5FB7113C229D349D00E060AD /* Sources */,
				5FB7113D229D349D00E060AD /* Frameworks */,
				5FB7113E229D349D00E060AD /* Resources */,
			);
			buildRules = (
			);
			dependencies = (
				5FB71142229D349D00E060AD /* PBXTargetDependency */,
			);
			name = MyAppTests;
			productName = MyAppTests;
			productReference = 5FB71140229D349D00E060AD /* MyAppTests.xctest */;
			productType = "com.apple.product-type.bundle.unit-test";
		};
		5FB7114A229D349D00E060AD /* MyAppUITests */ = {
			isa = PBXNativeTarget;
			buildConfigurationList = 5FB7115A229D349D00E060AD /* Build configuration list for PBXNativeTarget "MyAppUITests" */;
			buildPhases = (
				5FB71147229D349D00E060AD /* Sources */,
				5FB71148229D349D00E060AD /* Frameworks */,
				5FB71149229D349D00E060AD /* Resources */,
			);
			buildRules = (
			);
			dependencies = (
				5FB7114D229D349D00E060AD /* PBXTargetDependency */,
			);
			name = MyAppUITests;
			productName = MyAppUITests;
			productReference = 5FB7114B229D349D00E060AD /* MyAppUITests.xctest */;
			productType = "com.apple.product-type.bundle.ui-testing";
		};
/* End PBXNativeTarget section */

/* Begin PBXProject section */
		5FB71124229D349B00E060AD /* Project object */ = {
			isa = PBXProject;
			attributes = {
				LastSwiftUpdateCheck = 1010;
				LastUpgradeCheck = 1010;
				ORGANIZATIONNAME = BrainCrumbz;
				TargetAttributes = {
					5FB7112B229D349B00E060AD = {
						CreatedOnToolsVersion = 10.1;
					};
					5FB7113F229D349D00E060AD = {
						CreatedOnToolsVersion = 10.1;
						TestTargetID = 5FB7112B229D349B00E060AD;
					};
					5FB7114A229D349D00E060AD = {
						CreatedOnToolsVersion = 10.1;
						TestTargetID = 5FB7112B229D349B00E060AD;
					};
				};
			};
			buildConfigurationList = 5FB71127229D349B00E060AD /* Build configuration list for PBXProject "MyApp" */;
			compatibilityVersion = "Xcode 9.3";
			developmentRegion = en;
			hasScannedForEncodings = 0;
			knownRegions = (
				en,
				Base,
			);
			mainGroup = 5FB71123229D349B00E060AD;
			productRefGroup = 5FB7112D229D349B00E060AD /* Products */;
			projectDirPath = "";
			projectRoot = "";
			targets = (
				5FB7112B229D349B00E060AD /* MyApp */,
				5FB7113F229D349D00E060AD /* MyAppTests */,
				5FB7114A229D349D00E060AD /* MyAppUITests */,
			);
		};
/* End PBXProject section */

/* Begin PBXResourcesBuildPhase section */
		5FB7112A229D349B00E060AD /* Resources */ = {
			isa = PBXResourcesBuildPhase;
			buildActionMask = 2147483647;
			files = (
				5FB7113A229D349D00E060AD /* LaunchScreen.storyboard in Resources */,
				5FB71137229D349D00E060AD /* Assets.xcassets in Resources */,
				5F727D5A22A0344E00871E94 /* Cartfile in Resources */,
				5FB71135229D349B00E060AD /* Main.storyboard in Resources */,
				5F727D5D22A035CC00871E94 /* SwiftyGif.framework.dSYM in Resources */,
			);
			runOnlyForDeploymentPostprocessing = 0;
		};
		5FB7113E229D349D00E060AD /* Resources */ = {
			isa = PBXResourcesBuildPhase;
			buildActionMask = 2147483647;
			files = (
			);
			runOnlyForDeploymentPostprocessing = 0;
		};
		5FB71149229D349D00E060AD /* Resources */ = {
			isa = PBXResourcesBuildPhase;
			buildActionMask = 2147483647;
			files = (
			);
			runOnlyForDeploymentPostprocessing = 0;
		};
/* End PBXResourcesBuildPhase section */

/* Begin PBXSourcesBuildPhase section */
		5FB71128229D349B00E060AD /* Sources */ = {
			isa = PBXSourcesBuildPhase;
			buildActionMask = 2147483647;
			files = (
				5FB71132229D349B00E060AD /* ViewController.swift in Sources */,
				5FB71130229D349B00E060AD /* AppDelegate.swift in Sources */,
			);
			runOnlyForDeploymentPostprocessing = 0;
		};
		5FB7113C229D349D00E060AD /* Sources */ = {
			isa = PBXSourcesBuildPhase;
			buildActionMask = 2147483647;
			files = (
				5FB71145229D349D00E060AD /* MyAppTests.swift in Sources */,
			);
			runOnlyForDeploymentPostprocessing = 0;
		};
		5FB71147229D349D00E060AD /* Sources */ = {
			isa = PBXSourcesBuildPhase;
			buildActionMask = 2147483647;
			files = (
				5FB71150229D349D00E060AD /* MyAppUITests.swift in Sources */,
			);
			runOnlyForDeploymentPostprocessing = 0;
		};
/* End PBXSourcesBuildPhase section */

/* Begin PBXTargetDependency section */
		5FB71142229D349D00E060AD /* PBXTargetDependency */ = {
			isa = PBXTargetDependency;
			target = 5FB7112B229D349B00E060AD /* MyApp */;
			targetProxy = 5FB71141229D349D00E060AD /* PBXContainerItemProxy */;
		};
		5FB7114D229D349D00E060AD /* PBXTargetDependency */ = {
			isa = PBXTargetDependency;
			target = 5FB7112B229D349B00E060AD /* MyApp */;
			targetProxy = 5FB7114C229D349D00E060AD /* PBXContainerItemProxy */;
		};
/* End PBXTargetDependency section */

/* Begin PBXVariantGroup section */
		5FB71133229D349B00E060AD /* Main.storyboard */ = {
			isa = PBXVariantGroup;
			children = (
				5FB71134229D349B00E060AD /* Base */,
			);
			name = Main.storyboard;
			sourceTree = "<group>";
		};
		5FB71138229D349D00E060AD /* LaunchScreen.storyboard */ = {
			isa = PBXVariantGroup;
			children = (
				5FB71139229D349D00E060AD /* Base */,
			);
			name = LaunchScreen.storyboard;
			sourceTree = "<group>";
		};
/* End PBXVariantGroup section */

/* Begin XCBuildConfiguration section */
		5FB71152229D349D00E060AD /* Debug */ = {
			isa = XCBuildConfiguration;
			buildSettings = {
				ALWAYS_SEARCH_USER_PATHS = NO;
				CLANG_ANALYZER_NONNULL = YES;
				CLANG_ANALYZER_NUMBER_OBJECT_CONVERSION = YES_AGGRESSIVE;
				CLANG_CXX_LANGUAGE_STANDARD = "gnu++14";
				CLANG_CXX_LIBRARY = "libc++";
				CLANG_ENABLE_MODULES = YES;
				CLANG_ENABLE_OBJC_ARC = YES;
				CLANG_ENABLE_OBJC_WEAK = YES;
				CLANG_WARN_BLOCK_CAPTURE_AUTORELEASING = YES;
				CLANG_WARN_BOOL_CONVERSION = YES;
				CLANG_WARN_COMMA = YES;
				CLANG_WARN_CONSTANT_CONVERSION = YES;
				CLANG_WARN_DEPRECATED_OBJC_IMPLEMENTATIONS = YES;
				CLANG_WARN_DIRECT_OBJC_ISA_USAGE = YES_ERROR;
				CLANG_WARN_DOCUMENTATION_COMMENTS = YES;
				CLANG_WARN_EMPTY_BODY = YES;
				CLANG_WARN_ENUM_CONVERSION = YES;
				CLANG_WARN_INFINITE_RECURSION = YES;
				CLANG_WARN_INT_CONVERSION = YES;
				CLANG_WARN_NON_LITERAL_NULL_CONVERSION = YES;
				CLANG_WARN_OBJC_IMPLICIT_RETAIN_SELF = YES;
				CLANG_WARN_OBJC_LITERAL_CONVERSION = YES;
				CLANG_WARN_OBJC_ROOT_CLASS = YES_ERROR;
				CLANG_WARN_RANGE_LOOP_ANALYSIS = YES;
				CLANG_WARN_STRICT_PROTOTYPES = YES;
				CLANG_WARN_SUSPICIOUS_MOVE = YES;
				CLANG_WARN_UNGUARDED_AVAILABILITY = YES_AGGRESSIVE;
				CLANG_WARN_UNREACHABLE_CODE = YES;
				CLANG_WARN__DUPLICATE_METHOD_MATCH = YES;
				CODE_SIGN_IDENTITY = "iPhone Developer";
				COPY_PHASE_STRIP = NO;
				DEBUG_INFORMATION_FORMAT = dwarf;
				ENABLE_STRICT_OBJC_MSGSEND = YES;
				ENABLE_TESTABILITY = YES;
				GCC_C_LANGUAGE_STANDARD = gnu11;
				GCC_DYNAMIC_NO_PIC = NO;
				GCC_NO_COMMON_BLOCKS = YES;
				GCC_OPTIMIZATION_LEVEL = 0;
				GCC_PREPROCESSOR_DEFINITIONS = (
					"DEBUG=1",
					"$(inherited)",
				);
				GCC_WARN_64_TO_32_BIT_CONVERSION = YES;
				GCC_WARN_ABOUT_RETURN_TYPE = YES_ERROR;
				GCC_WARN_UNDECLARED_SELECTOR = YES;
				GCC_WARN_UNINITIALIZED_AUTOS = YES_AGGRESSIVE;
				GCC_WARN_UNUSED_FUNCTION = YES;
				GCC_WARN_UNUSED_VARIABLE = YES;
				IPHONEOS_DEPLOYMENT_TARGET = 12.1;
				MTL_ENABLE_DEBUG_INFO = INCLUDE_SOURCE;
				MTL_FAST_MATH = YES;
				ONLY_ACTIVE_ARCH = YES;
				SDKROOT = iphoneos;
				SWIFT_ACTIVE_COMPILATION_CONDITIONS = DEBUG;
				SWIFT_OPTIMIZATION_LEVEL = "-Onone";
			};
			name = Debug;
		};
		5FB71153229D349D00E060AD /* Release */ = {
			isa = XCBuildConfiguration;
			buildSettings = {
				ALWAYS_SEARCH_USER_PATHS = NO;
				CLANG_ANALYZER_NONNULL = YES;
				CLANG_ANALYZER_NUMBER_OBJECT_CONVERSION = YES_AGGRESSIVE;
				CLANG_CXX_LANGUAGE_STANDARD = "gnu++14";
				CLANG_CXX_LIBRARY = "libc++";
				CLANG_ENABLE_MODULES = YES;
				CLANG_ENABLE_OBJC_ARC = YES;
				CLANG_ENABLE_OBJC_WEAK = YES;
				CLANG_WARN_BLOCK_CAPTURE_AUTORELEASING = YES;
				CLANG_WARN_BOOL_CONVERSION = YES;
				CLANG_WARN_COMMA = YES;
				CLANG_WARN_CONSTANT_CONVERSION = YES;
				CLANG_WARN_DEPRECATED_OBJC_IMPLEMENTATIONS = YES;
				CLANG_WARN_DIRECT_OBJC_ISA_USAGE = YES_ERROR;
				CLANG_WARN_DOCUMENTATION_COMMENTS = YES;
				CLANG_WARN_EMPTY_BODY = YES;
				CLANG_WARN_ENUM_CONVERSION = YES;
				CLANG_WARN_INFINITE_RECURSION = YES;
				CLANG_WARN_INT_CONVERSION = YES;
				CLANG_WARN_NON_LITERAL_NULL_CONVERSION = YES;
				CLANG_WARN_OBJC_IMPLICIT_RETAIN_SELF = YES;
				CLANG_WARN_OBJC_LITERAL_CONVERSION = YES;
				CLANG_WARN_OBJC_ROOT_CLASS = YES_ERROR;
				CLANG_WARN_RANGE_LOOP_ANALYSIS = YES;
				CLANG_WARN_STRICT_PROTOTYPES = YES;
				CLANG_WARN_SUSPICIOUS_MOVE = YES;
				CLANG_WARN_UNGUARDED_AVAILABILITY = YES_AGGRESSIVE;
				CLANG_WARN_UNREACHABLE_CODE = YES;
				CLANG_WARN__DUPLICATE_METHOD_MATCH = YES;
				CODE_SIGN_IDENTITY = "iPhone Developer";
				COPY_PHASE_STRIP = NO;
				DEBUG_INFORMATION_FORMAT = "dwarf-with-dsym";
				ENABLE_NS_ASSERTIONS = NO;
				ENABLE_STRICT_OBJC_MSGSEND = YES;
				GCC_C_LANGUAGE_STANDARD = gnu11;
				GCC_NO_COMMON_BLOCKS = YES;
				GCC_WARN_64_TO_32_BIT_CONVERSION = YES;
				GCC_WARN_ABOUT_RETURN_TYPE = YES_ERROR;
				GCC_WARN_UNDECLARED_SELECTOR = YES;
				GCC_WARN_UNINITIALIZED_AUTOS = YES_AGGRESSIVE;
				GCC_WARN_UNUSED_FUNCTION = YES;
				GCC_WARN_UNUSED_VARIABLE = YES;
				IPHONEOS_DEPLOYMENT_TARGET = 12.1;
				MTL_ENABLE_DEBUG_INFO = NO;
				MTL_FAST_MATH = YES;
				SDKROOT = iphoneos;
				SWIFT_COMPILATION_MODE = wholemodule;
				SWIFT_OPTIMIZATION_LEVEL = "-O";
				VALIDATE_PRODUCT = YES;
			};
			name = Release;
		};
		5FB71155229D349D00E060AD /* Debug */ = {
			isa = XCBuildConfiguration;
			buildSettings = {
				ASSETCATALOG_COMPILER_APPICON_NAME = AppIcon;
				CODE_SIGN_STYLE = Automatic;
				DEVELOPMENT_TEAM = RBQ762EZ7Y;
				FRAMEWORK_SEARCH_PATHS = (
					"$(inherited)",
					"$(PROJECT_DIR)/Carthage/Build/iOS",
				);
				INFOPLIST_FILE = MyApp/Info.plist;
				LD_RUNPATH_SEARCH_PATHS = (
					"$(inherited)",
					"@executable_path/Frameworks",
				);
				PRODUCT_BUNDLE_IDENTIFIER = com.braincrumbz.MyApp;
				PRODUCT_NAME = "$(TARGET_NAME)";
				STRIP_BITCODE_FROM_COPIED_FILES = NO;
				SWIFT_VERSION = 4.2;
				TARGETED_DEVICE_FAMILY = "1,2";
			};
			name = Debug;
		};
		5FB71156229D349D00E060AD /* Release */ = {
			isa = XCBuildConfiguration;
			buildSettings = {
				ASSETCATALOG_COMPILER_APPICON_NAME = AppIcon;
				CODE_SIGN_STYLE = Automatic;
				DEVELOPMENT_TEAM = RBQ762EZ7Y;
				FRAMEWORK_SEARCH_PATHS = (
					"$(inherited)",
					"$(PROJECT_DIR)/Carthage/Build/iOS",
				);
				INFOPLIST_FILE = MyApp/Info.plist;
				LD_RUNPATH_SEARCH_PATHS = (
					"$(inherited)",
					"@executable_path/Frameworks",
				);
				PRODUCT_BUNDLE_IDENTIFIER = com.braincrumbz.MyApp;
				PRODUCT_NAME = "$(TARGET_NAME)";
				STRIP_BITCODE_FROM_COPIED_FILES = NO;
				SWIFT_VERSION = 4.2;
				TARGETED_DEVICE_FAMILY = "1,2";
			};
			name = Release;
		};
		5FB71158229D349D00E060AD /* Debug */ = {
			isa = XCBuildConfiguration;
			buildSettings = {
				ALWAYS_EMBED_SWIFT_STANDARD_LIBRARIES = YES;
				BUNDLE_LOADER = "$(TEST_HOST)";
				CODE_SIGN_STYLE = Automatic;
				DEVELOPMENT_TEAM = RBQ762EZ7Y;
				INFOPLIST_FILE = MyAppTests/Info.plist;
				LD_RUNPATH_SEARCH_PATHS = (
					"$(inherited)",
					"@executable_path/Frameworks",
					"@loader_path/Frameworks",
				);
				PRODUCT_BUNDLE_IDENTIFIER = com.braincrumbz.MyAppTests;
				PRODUCT_NAME = "$(TARGET_NAME)";
				SWIFT_VERSION = 4.2;
				TARGETED_DEVICE_FAMILY = "1,2";
				TEST_HOST = "$(BUILT_PRODUCTS_DIR)/MyApp.app/MyApp";
			};
			name = Debug;
		};
		5FB71159229D349D00E060AD /* Release */ = {
			isa = XCBuildConfiguration;
			buildSettings = {
				ALWAYS_EMBED_SWIFT_STANDARD_LIBRARIES = YES;
				BUNDLE_LOADER = "$(TEST_HOST)";
				CODE_SIGN_STYLE = Automatic;
				DEVELOPMENT_TEAM = RBQ762EZ7Y;
				INFOPLIST_FILE = MyAppTests/Info.plist;
				LD_RUNPATH_SEARCH_PATHS = (
					"$(inherited)",
					"@executable_path/Frameworks",
					"@loader_path/Frameworks",
				);
				PRODUCT_BUNDLE_IDENTIFIER = com.braincrumbz.MyAppTests;
				PRODUCT_NAME = "$(TARGET_NAME)";
				SWIFT_VERSION = 4.2;
				TARGETED_DEVICE_FAMILY = "1,2";
				TEST_HOST = "$(BUILT_PRODUCTS_DIR)/MyApp.app/MyApp";
			};
			name = Release;
		};
		5FB7115B229D349D00E060AD /* Debug */ = {
			isa = XCBuildConfiguration;
			buildSettings = {
				ALWAYS_EMBED_SWIFT_STANDARD_LIBRARIES = YES;
				CODE_SIGN_STYLE = Automatic;
				DEVELOPMENT_TEAM = RBQ762EZ7Y;
				INFOPLIST_FILE = MyAppUITests/Info.plist;
				LD_RUNPATH_SEARCH_PATHS = (
					"$(inherited)",
					"@executable_path/Frameworks",
					"@loader_path/Frameworks",
				);
				PRODUCT_BUNDLE_IDENTIFIER = com.braincrumbz.MyAppUITests;
				PRODUCT_NAME = "$(TARGET_NAME)";
				SWIFT_VERSION = 4.2;
				TARGETED_DEVICE_FAMILY = "1,2";
				TEST_TARGET_NAME = MyApp;
			};
			name = Debug;
		};
		5FB7115C229D349D00E060AD /* Release */ = {
			isa = XCBuildConfiguration;
			buildSettings = {
				ALWAYS_EMBED_SWIFT_STANDARD_LIBRARIES = YES;
				CODE_SIGN_STYLE = Automatic;
				DEVELOPMENT_TEAM = RBQ762EZ7Y;
				INFOPLIST_FILE = MyAppUITests/Info.plist;
				LD_RUNPATH_SEARCH_PATHS = (
					"$(inherited)",
					"@executable_path/Frameworks",
					"@loader_path/Frameworks",
				);
				PRODUCT_BUNDLE_IDENTIFIER = com.braincrumbz.MyAppUITests;
				PRODUCT_NAME = "$(TARGET_NAME)";
				SWIFT_VERSION = 4.2;
				TARGETED_DEVICE_FAMILY = "1,2";
				TEST_TARGET_NAME = MyApp;
			};
			name = Release;
		};
/* End XCBuildConfiguration section */

/* Begin XCConfigurationList section */
		5FB71127229D349B00E060AD /* Build configuration list for PBXProject "MyApp" */ = {
			isa = XCConfigurationList;
			buildConfigurations = (
				5FB71152229D349D00E060AD /* Debug */,
				5FB71153229D349D00E060AD /* Release */,
			);
			defaultConfigurationIsVisible = 0;
			defaultConfigurationName = Release;
		};
		5FB71154229D349D00E060AD /* Build configuration list for PBXNativeTarget "MyApp" */ = {
			isa = XCConfigurationList;
			buildConfigurations = (
				5FB71155229D349D00E060AD /* Debug */,
				5FB71156229D349D00E060AD /* Release */,
			);
			defaultConfigurationIsVisible = 0;
			defaultConfigurationName = Release;
		};
		5FB71157229D349D00E060AD /* Build configuration list for PBXNativeTarget "MyAppTests" */ = {
			isa = XCConfigurationList;
			buildConfigurations = (
				5FB71158229D349D00E060AD /* Debug */,
				5FB71159229D349D00E060AD /* Release */,
			);
			defaultConfigurationIsVisible = 0;
			defaultConfigurationName = Release;
		};
		5FB7115A229D349D00E060AD /* Build configuration list for PBXNativeTarget "MyAppUITests" */ = {
			isa = XCConfigurationList;
			buildConfigurations = (
				5FB7115B229D349D00E060AD /* Debug */,
				5FB7115C229D349D00E060AD /* Release */,
			);
			defaultConfigurationIsVisible = 0;
			defaultConfigurationName = Release;
		};
/* End XCConfigurationList section */
	};
	rootObject = 5FB71124229D349B00E060AD /* Project object */;
}
